
Microsoft Visual Studio Solution File, Format Version 12.00
# Visual Studio Version 16
VisualStudioVersion = 16.0.31112.23
MinimumVisualStudioVersion = 10.0.40219.1
Project("{FAE04EC0-301F-11D3-BF4B-00C04F79EFBC}") = "KTDH", "KTDH\KTDH.csproj", "{7C0F1A84-6307-443E-9171-B0359EBFF9FC}"
EndProject
Global
	GlobalSection(SolutionConfigurationPlatforms) = preSolution
		Debug|Any CPU = Debug|Any CPU
		Release|Any CPU = Release|Any CPU
	EndGlobalSection
	GlobalSection(ProjectConfigurationPlatforms) = postSolution
		{7C0F1A84-6307-443E-9171-B0359EBFF9FC}.Debug|Any CPU.ActiveCfg = Debug|Any CPU
		{7C0F1A84-6307-443E-9171-B0359EBFF9FC}.Debug|Any CPU.Build.0 = Debug|Any CPU
		{7C0F1A84-6307-443E-9171-B0359EBFF9FC}.Release|Any CPU.ActiveCfg = Release|Any CPU
		{7C0F1A84-6307-443E-9171-B0359EBFF9FC}.Release|Any CPU.Build.0 = Release|Any CPU
	EndGlobalSection
	GlobalSection(SolutionProperties) = preSolution
		HideSolutionNode = FALSE
	EndGlobalSection
	GlobalSection(ExtensibilityGlobals) = postSolution
		SolutionGuid = {3287EFF9-65FA-47F0-816D-0998EC9BF53E}
	EndGlobalSection
EndGlobal
